
Microsoft Visual Studio Solution File, Format Version 12.00
# Visual Studio Version 17
VisualStudioVersion = 17.11.35219.272
MinimumVisualStudioVersion = 10.0.40219.1
Project("{F184B08F-C81C-45F6-A57F-5ABD9991F28F}") = "TENANT SYSTEM", "TENANT SYSTEM\TENANT SYSTEM.vbproj", "{04E715DB-5FF0-4E16-8DCC-CF29B545A415}"
EndProject
Global
	GlobalSection(SolutionConfigurationPlatforms) = preSolution
		Debug|Any CPU = Debug|Any CPU
		Release|Any CPU = Release|Any CPU
	EndGlobalSection
	GlobalSection(ProjectConfigurationPlatforms) = postSolution
		{04E715DB-5FF0-4E16-8DCC-CF29B545A415}.Debug|Any CPU.ActiveCfg = Debug|Any CPU
		{04E715DB-5FF0-4E16-8DCC-CF29B545A415}.Debug|Any CPU.Build.0 = Debug|Any CPU
		{04E715DB-5FF0-4E16-8DCC-CF29B545A415}.Release|Any CPU.ActiveCfg = Release|Any CPU
		{04E715DB-5FF0-4E16-8DCC-CF29B545A415}.Release|Any CPU.Build.0 = Release|Any CPU
	EndGlobalSection
	GlobalSection(SolutionProperties) = preSolution
		HideSolutionNode = FALSE
	EndGlobalSection
	GlobalSection(ExtensibilityGlobals) = postSolution
		SolutionGuid = {913EDA67-3754-4EB5-B416-422991C8E361}
	EndGlobalSection
EndGlobal
